
Microsoft Visual Studio Solution File, Format Version 12.00
# Visual Studio Version 17
VisualStudioVersion = 17.0.31903.59
MinimumVisualStudioVersion = 10.0.40219.1
Project("{2150E333-8FDC-42A3-9474-1A3956D46DE8}") = "src", "src", "{6356F379-1B1A-436C-9D9E-D6F179E09891}"
EndProject
Project("{9A19103F-16F7-4668-BE54-9A1E7A4F7556}") = "MySpot.Api", "src\MySpot.Api\MySpot.Api.csproj", "{E6EA1898-A1EA-487D-B489-F4510B427FD0}"
EndProject
Project("{2150E333-8FDC-42A3-9474-1A3956D46DE8}") = "tests", "tests", "{2EF7FFE4-7E1D-4463-ADAD-C36372262348}"
EndProject
Project("{9A19103F-16F7-4668-BE54-9A1E7A4F7556}") = "MySpot.tests.Unit", "test\MySpot.tests.Unit\MySpot.tests.Unit.csproj", "{ACEC39EC-2A7A-4406-A7CA-D39C24D10E75}"
EndProject
Project("{9A19103F-16F7-4668-BE54-9A1E7A4F7556}") = "MySpot.Application", "src\MySpot.Application\MySpot.Application.csproj", "{BD2D0C49-76BF-42FA-8F60-9C4665D0A175}"
EndProject
Project("{9A19103F-16F7-4668-BE54-9A1E7A4F7556}") = "MySpot.Core", "src\MySpot.Core\MySpot.Core.csproj", "{F553718D-AB41-493D-A18F-489533BA12F1}"
EndProject
Project("{9A19103F-16F7-4668-BE54-9A1E7A4F7556}") = "MySpot.Infrastructure", "src\MySpot.Infrastructure\MySpot.Infrastructure.csproj", "{88B3F64A-E8A6-4518-8A02-3D71A0104476}"
EndProject
Project("{FAE04EC0-301F-11D3-BF4B-00C04F79EFBC}") = "MySpot.Tests.Integration", "test\MySpot.Tests.Integration\MySpot.Tests.Integration.csproj", "{B788CED5-C463-44B7-9208-4A695D838E17}"
EndProject
Global
	GlobalSection(SolutionConfigurationPlatforms) = preSolution
		Debug|Any CPU = Debug|Any CPU
		Release|Any CPU = Release|Any CPU
	EndGlobalSection
	GlobalSection(ProjectConfigurationPlatforms) = postSolution
		{E6EA1898-A1EA-487D-B489-F4510B427FD0}.Debug|Any CPU.ActiveCfg = Debug|Any CPU
		{E6EA1898-A1EA-487D-B489-F4510B427FD0}.Debug|Any CPU.Build.0 = Debug|Any CPU
		{E6EA1898-A1EA-487D-B489-F4510B427FD0}.Release|Any CPU.ActiveCfg = Release|Any CPU
		{E6EA1898-A1EA-487D-B489-F4510B427FD0}.Release|Any CPU.Build.0 = Release|Any CPU
		{ACEC39EC-2A7A-4406-A7CA-D39C24D10E75}.Debug|Any CPU.ActiveCfg = Debug|Any CPU
		{ACEC39EC-2A7A-4406-A7CA-D39C24D10E75}.Debug|Any CPU.Build.0 = Debug|Any CPU
		{ACEC39EC-2A7A-4406-A7CA-D39C24D10E75}.Release|Any CPU.ActiveCfg = Release|Any CPU
		{ACEC39EC-2A7A-4406-A7CA-D39C24D10E75}.Release|Any CPU.Build.0 = Release|Any CPU
		{BD2D0C49-76BF-42FA-8F60-9C4665D0A175}.Debug|Any CPU.ActiveCfg = Debug|Any CPU
		{BD2D0C49-76BF-42FA-8F60-9C4665D0A175}.Debug|Any CPU.Build.0 = Debug|Any CPU
		{BD2D0C49-76BF-42FA-8F60-9C4665D0A175}.Release|Any CPU.ActiveCfg = Release|Any CPU
		{BD2D0C49-76BF-42FA-8F60-9C4665D0A175}.Release|Any CPU.Build.0 = Release|Any CPU
		{F553718D-AB41-493D-A18F-489533BA12F1}.Debug|Any CPU.ActiveCfg = Debug|Any CPU
		{F553718D-AB41-493D-A18F-489533BA12F1}.Debug|Any CPU.Build.0 = Debug|Any CPU
		{F553718D-AB41-493D-A18F-489533BA12F1}.Release|Any CPU.ActiveCfg = Release|Any CPU
		{F553718D-AB41-493D-A18F-489533BA12F1}.Release|Any CPU.Build.0 = Release|Any CPU
		{88B3F64A-E8A6-4518-8A02-3D71A0104476}.Debug|Any CPU.ActiveCfg = Debug|Any CPU
		{88B3F64A-E8A6-4518-8A02-3D71A0104476}.Debug|Any CPU.Build.0 = Debug|Any CPU
		{88B3F64A-E8A6-4518-8A02-3D71A0104476}.Release|Any CPU.ActiveCfg = Release|Any CPU
		{88B3F64A-E8A6-4518-8A02-3D71A0104476}.Release|Any CPU.Build.0 = Release|Any CPU
		{B788CED5-C463-44B7-9208-4A695D838E17}.Debug|Any CPU.ActiveCfg = Debug|Any CPU
		{B788CED5-C463-44B7-9208-4A695D838E17}.Debug|Any CPU.Build.0 = Debug|Any CPU
		{B788CED5-C463-44B7-9208-4A695D838E17}.Release|Any CPU.ActiveCfg = Release|Any CPU
		{B788CED5-C463-44B7-9208-4A695D838E17}.Release|Any CPU.Build.0 = Release|Any CPU
	EndGlobalSection
	GlobalSection(SolutionProperties) = preSolution
		HideSolutionNode = FALSE
	EndGlobalSection
	GlobalSection(NestedProjects) = preSolution
		{E6EA1898-A1EA-487D-B489-F4510B427FD0} = {6356F379-1B1A-436C-9D9E-D6F179E09891}
		{ACEC39EC-2A7A-4406-A7CA-D39C24D10E75} = {2EF7FFE4-7E1D-4463-ADAD-C36372262348}
		{BD2D0C49-76BF-42FA-8F60-9C4665D0A175} = {6356F379-1B1A-436C-9D9E-D6F179E09891}
		{F553718D-AB41-493D-A18F-489533BA12F1} = {6356F379-1B1A-436C-9D9E-D6F179E09891}
		{88B3F64A-E8A6-4518-8A02-3D71A0104476} = {6356F379-1B1A-436C-9D9E-D6F179E09891}
		{B788CED5-C463-44B7-9208-4A695D838E17} = {2EF7FFE4-7E1D-4463-ADAD-C36372262348}
	EndGlobalSection
	GlobalSection(ExtensibilityGlobals) = postSolution
		SolutionGuid = {05A65368-7E38-4F7D-A305-8163DE3D0D13}
	EndGlobalSection
EndGlobal
